Microsoft Visual Studio Solution File, Format Version 12.00
# Visual Studio 2012
Project("{FAE04EC0-301F-11D3-BF4B-00C04F79EFBC}") = "MoonGame", "MoonGame.csproj", "{C9C05645-4B78-49A9-B8F6-B0811C655072}"
EndProject
Global
	GlobalSection(SolutionConfigurationPlatforms) = preSolution
	Debug|Any CPU = Debug|Any CPU
	ExportDebug|Any CPU = ExportDebug|Any CPU
	ExportRelease|Any CPU = ExportRelease|Any CPU
	EndGlobalSection
	GlobalSection(ProjectConfigurationPlatforms) = postSolution
		{C9C05645-4B78-49A9-B8F6-B0811C655072}.Debug|Any CPU.ActiveCfg = Debug|Any CPU
		{C9C05645-4B78-49A9-B8F6-B0811C655072}.Debug|Any CPU.Build.0 = Debug|Any CPU
		{C9C05645-4B78-49A9-B8F6-B0811C655072}.ExportDebug|Any CPU.ActiveCfg = ExportDebug|Any CPU
		{C9C05645-4B78-49A9-B8F6-B0811C655072}.ExportDebug|Any CPU.Build.0 = ExportDebug|Any CPU
		{C9C05645-4B78-49A9-B8F6-B0811C655072}.ExportRelease|Any CPU.ActiveCfg = ExportRelease|Any CPU
		{C9C05645-4B78-49A9-B8F6-B0811C655072}.ExportRelease|Any CPU.Build.0 = ExportRelease|Any CPU
	EndGlobalSection
EndGlobal
